github.com/dave/jennifer v1.6.1 h1:T4T/67t6RAA5AIV6+NP8Uk/BIsXgDoqEowgycdQQLuk=
github.com/dave/jennifer v1.6.1/go.mod h1:nXbxhEmQfOZhWml3D1cDK5M1FLnMSozpbFN/m3RmGZc=
github.com/gohobby/assert v0.0.0-20211104143739-08694b1ea893 h1:wFd4Td0Bky4UbXOtyMu2QpYVjRQ+GHr34Z95ED7NtcI=
github.com/gohobby/assert v0.0.0-20211104143739-08694b1ea893/go.mod h1:3j4Mu+o1MgUrSlyEI5IHzBEzmz5nngurQmAf80ePv6Y=
